
Microsoft Visual Studio Solution File, Format Version 12.00
# Visual Studio 15
VisualStudioVersion = 15.0.26228.4
MinimumVisualStudioVersion = 10.0.40219.1
Project("{FAE04EC0-301F-11D3-BF4B-00C04F79EFBC}") = "SnakeProject", "Snake\SnakeProject.csproj", "{67A3797B-B42C-449D-8A7D-E70DC7C03880}"
EndProject
Project("{FAE04EC0-301F-11D3-BF4B-00C04F79EFBC}") = "SnakeScores", "SnakeScores\SnakeScores.csproj", "{F12E844F-21D1-4685-905B-D771CA82C75F}"
EndProject
Global
	GlobalSection(SolutionConfigurationPlatforms) = preSolution
		Debug|Any CPU = Debug|Any CPU
		Release|Any CPU = Release|Any CPU
	EndGlobalSection
	GlobalSection(ProjectConfigurationPlatforms) = postSolution
		{67A3797B-B42C-449D-8A7D-E70DC7C03880}.Debug|Any CPU.ActiveCfg = Debug|Any CPU
		{67A3797B-B42C-449D-8A7D-E70DC7C03880}.Debug|Any CPU.Build.0 = Debug|Any CPU
		{67A3797B-B42C-449D-8A7D-E70DC7C03880}.Release|Any CPU.ActiveCfg = Release|Any CPU
		{67A3797B-B42C-449D-8A7D-E70DC7C03880}.Release|Any CPU.Build.0 = Release|Any CPU
		{F12E844F-21D1-4685-905B-D771CA82C75F}.Debug|Any CPU.ActiveCfg = Debug|Any CPU
		{F12E844F-21D1-4685-905B-D771CA82C75F}.Debug|Any CPU.Build.0 = Debug|Any CPU
		{F12E844F-21D1-4685-905B-D771CA82C75F}.Release|Any CPU.ActiveCfg = Release|Any CPU
		{F12E844F-21D1-4685-905B-D771CA82C75F}.Release|Any CPU.Build.0 = Release|Any CPU
	EndGlobalSection
	GlobalSection(SolutionProperties) = preSolution
		HideSolutionNode = FALSE
	EndGlobalSection
EndGlobal
